
Microsoft Visual Studio Solution File, Format Version 12.00
# Visual Studio 15
VisualStudioVersion = 15.0.27130.2027
MinimumVisualStudioVersion = 10.0.40219.1
Project("{FAE04EC0-301F-11D3-BF4B-00C04F79EFBC}") = "EventManager_Valentin_Romanov", "EventManager_Valentin_Romanov\EventManager_Valentin_Romanov.csproj", "{AC157E33-9C69-4F5B-B37A-E5A3A14C0C2B}"
EndProject
Global
	GlobalSection(SolutionConfigurationPlatforms) = preSolution
		Debug|Any CPU = Debug|Any CPU
		Release|Any CPU = Release|Any CPU
	EndGlobalSection
	GlobalSection(ProjectConfigurationPlatforms) = postSolution
		{AC157E33-9C69-4F5B-B37A-E5A3A14C0C2B}.Debug|Any CPU.ActiveCfg = Debug|Any CPU
		{AC157E33-9C69-4F5B-B37A-E5A3A14C0C2B}.Debug|Any CPU.Build.0 = Debug|Any CPU
		{AC157E33-9C69-4F5B-B37A-E5A3A14C0C2B}.Release|Any CPU.ActiveCfg = Release|Any CPU
		{AC157E33-9C69-4F5B-B37A-E5A3A14C0C2B}.Release|Any CPU.Build.0 = Release|Any CPU
	EndGlobalSection
	GlobalSection(SolutionProperties) = preSolution
		HideSolutionNode = FALSE
	EndGlobalSection
	GlobalSection(ExtensibilityGlobals) = postSolution
		SolutionGuid = {19C5DD65-FA33-4F4A-A401-D2DF7741FED2}
	EndGlobalSection
EndGlobal
